PODS:
  - HiPayFullservice (1.8.0):
    - HiPayFullservice/Core (= 1.8.0)
    - HiPayFullservice/Payment-Screen (= 1.8.0)
  - HiPayFullservice/Core (1.8.0)
  - HiPayFullservice/Datecs-POS (1.8.0)
  - HiPayFullservice/Payment-Screen (1.8.0):
    - HiPayFullservice/Core
    - HiPayFullservice/Utilities
  - HiPayFullservice/Utilities (1.8.0):
    - HiPayFullservice/Core
  - HockeySDK (5.1.1):
    - HockeySDK/DefaultLib (= 5.1.1)
  - HockeySDK/DefaultLib (5.1.1)
  - OCMock (3.4.1)
  - OHHTTPStubs (6.1.0):
    - OHHTTPStubs/Default (= 6.1.0)
  - OHHTTPStubs/Core (6.1.0)
  - OHHTTPStubs/Default (6.1.0):
    - OHHTTPStubs/Core
    - OHHTTPStubs/JSON
    - OHHTTPStubs/NSURLSession
    - OHHTTPStubs/OHPathHelpers
  - OHHTTPStubs/JSON (6.1.0):
    - OHHTTPStubs/Core
  - OHHTTPStubs/NSURLSession (6.1.0):
    - OHHTTPStubs/Core
  - OHHTTPStubs/OHPathHelpers (6.1.0)

DEPENDENCIES:
  - HiPayFullservice (from `../`)
  - HiPayFullservice/Datecs-POS (from `../`)
  - HockeySDK
  - OCMock
  - OHHTTPStubs

SPEC REPOS:
  https://github.com/cocoapods/specs.git:
    - HockeySDK
    - OCMock
    - OHHTTPStubs

EXTERNAL SOURCES:
  HiPayFullservice:
    :path: "../"

SPEC CHECKSUMS:
  HiPayFullservice: 1189e31bf882f1605d09831c9329f12cd31ce952
  HockeySDK: a240b3c62ac6b8ccd4301ee65cf25a8e5c9c0556
  OCMock: 2cd0716969bab32a2283ff3a46fd26a8c8b4c5e3
  OHHTTPStubs: 1e21c7d2c084b8153fc53d48400d8919d2d432d0

PODFILE CHECKSUM: 41f9dd09b727f046e2a0486037329e98b6a8a870

COCOAPODS: 1.5.3
