PODS:
  - HiPayFullservice (1.8.1):
    - HiPayFullservice/Core (= 1.8.1)
    - HiPayFullservice/Payment-Screen (= 1.8.1)
  - HiPayFullservice/Core (1.8.1)
  - HiPayFullservice/Datecs-POS (1.8.1)
  - HiPayFullservice/Payment-Screen (1.8.1):
    - HiPayFullservice/Core
    - HiPayFullservice/Utilities
  - HiPayFullservice/Utilities (1.8.1):
    - HiPayFullservice/Core
  - HockeySDK (5.1.4):
    - HockeySDK/DefaultLib (= 5.1.4)
  - HockeySDK/DefaultLib (5.1.4)
  - OCMock (3.4.2)
  - OHHTTPStubs (6.1.0):
    - OHHTTPStubs/Default (= 6.1.0)
  - OHHTTPStubs/Core (6.1.0)
  - OHHTTPStubs/Default (6.1.0):
    - OHHTTPStubs/Core
    - OHHTTPStubs/JSON
    - OHHTTPStubs/NSURLSession
    - OHHTTPStubs/OHPathHelpers
  - OHHTTPStubs/JSON (6.1.0):
    - OHHTTPStubs/Core
  - OHHTTPStubs/NSURLSession (6.1.0):
    - OHHTTPStubs/Core
  - OHHTTPStubs/OHPathHelpers (6.1.0)

DEPENDENCIES:
  - HiPayFullservice (from `../`)
  - HiPayFullservice/Datecs-POS (from `../`)
  - HockeySDK
  - OCMock
  - OHHTTPStubs

SPEC REPOS:
  https://github.com/cocoapods/specs.git:
    - HockeySDK
    - OCMock
    - OHHTTPStubs

EXTERNAL SOURCES:
  HiPayFullservice:
    :path: "../"

SPEC CHECKSUMS:
  HiPayFullservice: ab202a5860dbe55c9de9c030459bd495d45a4777
  HockeySDK: 15afe6bc0a5bfe3a531fd73dbf082095f37dac3b
  OCMock: ebe9ee1dca7fbed0ff9193ac0b3e2d8862ea56f6
  OHHTTPStubs: 1e21c7d2c084b8153fc53d48400d8919d2d432d0

PODFILE CHECKSUM: 41f9dd09b727f046e2a0486037329e98b6a8a870

COCOAPODS: 1.5.3
